
Microsoft Visual Studio Solution File, Format Version 12.00
# Visual Studio 15
Project("{FAE04EC0-301F-11D3-BF4B-00C04F79EFBC}") = "MidTerm", "MidTerm\MidTerm.csproj", "{849F1F00-6B3A-4766-970D-3C5ACE10324B}"
EndProject
Global
	GlobalSection(SolutionConfigurationPlatforms) = preSolution
		Debug|Any CPU = Debug|Any CPU
		Release|Any CPU = Release|Any CPU
	EndGlobalSection
	GlobalSection(ProjectConfigurationPlatforms) = postSolution
		{849F1F00-6B3A-4766-970D-3C5ACE10324B}.Debug|Any CPU.ActiveCfg = Debug|Any CPU
		{849F1F00-6B3A-4766-970D-3C5ACE10324B}.Debug|Any CPU.Build.0 = Debug|Any CPU
		{849F1F00-6B3A-4766-970D-3C5ACE10324B}.Release|Any CPU.ActiveCfg = Release|Any CPU
		{849F1F00-6B3A-4766-970D-3C5ACE10324B}.Release|Any CPU.Build.0 = Release|Any CPU
	EndGlobalSection
EndGlobal
